
Microsoft Visual Studio Solution File, Format Version 12.00
# Visual Studio Version 16
VisualStudioVersion = 16.0.30611.23
MinimumVisualStudioVersion = 10.0.40219.1
Project("{9A19103F-16F7-4668-BE54-9A1E7A4F7556}") = "DotNetBungieAPI", "DotNetBungieAPI\DotNetBungieAPI.csproj", "{0D1416BF-3145-49DF-9DCA-10C0022C9CC6}"
EndProject
Project("{FAE04EC0-301F-11D3-BF4B-00C04F79EFBC}") = "DotNetBungieAPI.HashReferences", "DotNetBungieAPI.HashReferences\DotNetBungieAPI.HashReferences.csproj", "{19B34A6C-C291-47F3-AE3B-937959263432}"
EndProject
Project("{FAE04EC0-301F-11D3-BF4B-00C04F79EFBC}") = "DotNetBungieAPI.Tests", "DotNetBungieAPI.Tests\DotNetBungieAPI.Tests.csproj", "{27C59E4C-13CE-45EE-9DF8-F5018EE970AA}"
EndProject
Project("{FAE04EC0-301F-11D3-BF4B-00C04F79EFBC}") = "DotNetBungieAPI.Benchmark", "DotNetBungieAPI.Benchmark\DotNetBungieAPI.Benchmark.csproj", "{47D77268-5F1D-4FCD-8527-60A338986714}"
EndProject
Project("{FAE04EC0-301F-11D3-BF4B-00C04F79EFBC}") = "ConsoleTestApp", "ConsoleTestApp\ConsoleTestApp.csproj", "{1D2C8954-8DEB-43B3-BE80-4D6CEA1E51AB}"
EndProject
Project("{FAE04EC0-301F-11D3-BF4B-00C04F79EFBC}") = "DotNetBungieAPI.OpenApi", "DotNetBungieAPI.OpenApi\DotNetBungieAPI.OpenApi.csproj", "{33445E74-50F8-4983-A885-D0B92C6C09C8}"
EndProject
Project("{FAE04EC0-301F-11D3-BF4B-00C04F79EFBC}") = "DotNetBungieAPI.Generated", "DotNetBungieAPI.Generated\DotNetBungieAPI.Generated.csproj", "{49FCAF1F-E159-4A03-9C59-F965D76AE0E9}"
EndProject
Project("{FAE04EC0-301F-11D3-BF4B-00C04F79EFBC}") = "DotNetBungieAPI.OpenApi.CSharp", "DotNetBungieAPI.OpenApi.CSharp\DotNetBungieAPI.OpenApi.CSharp.csproj", "{1C4826FA-CF02-4F60-A410-3447442729F7}"
EndProject
Project("{FAE04EC0-301F-11D3-BF4B-00C04F79EFBC}") = "DotNetBungieAPI.AspNet.Security.OAuth.Providers", "DotNetBungieAPI.AspNet.Security.OAuth.Providers\DotNetBungieAPI.AspNet.Security.OAuth.Providers.csproj", "{F04C2D77-7D62-488E-9490-8F3476A9C049}"
EndProject
Global
	GlobalSection(SolutionConfigurationPlatforms) = preSolution
		Debug|Any CPU = Debug|Any CPU
		Release|Any CPU = Release|Any CPU
	EndGlobalSection
	GlobalSection(ProjectConfigurationPlatforms) = postSolution
		{0D1416BF-3145-49DF-9DCA-10C0022C9CC6}.Debug|Any CPU.ActiveCfg = Debug|Any CPU
		{0D1416BF-3145-49DF-9DCA-10C0022C9CC6}.Debug|Any CPU.Build.0 = Debug|Any CPU
		{0D1416BF-3145-49DF-9DCA-10C0022C9CC6}.Release|Any CPU.ActiveCfg = Release|Any CPU
		{0D1416BF-3145-49DF-9DCA-10C0022C9CC6}.Release|Any CPU.Build.0 = Release|Any CPU
		{139E5717-89CA-4897-B8F6-CDD7FA171838}.Debug|Any CPU.ActiveCfg = Debug|Any CPU
		{139E5717-89CA-4897-B8F6-CDD7FA171838}.Debug|Any CPU.Build.0 = Debug|Any CPU
		{139E5717-89CA-4897-B8F6-CDD7FA171838}.Release|Any CPU.ActiveCfg = Release|Any CPU
		{139E5717-89CA-4897-B8F6-CDD7FA171838}.Release|Any CPU.Build.0 = Release|Any CPU
		{2B5420C0-FDCE-42CF-88FE-185C4929F9A9}.Debug|Any CPU.ActiveCfg = Debug|Any CPU
		{2B5420C0-FDCE-42CF-88FE-185C4929F9A9}.Debug|Any CPU.Build.0 = Debug|Any CPU
		{2B5420C0-FDCE-42CF-88FE-185C4929F9A9}.Release|Any CPU.ActiveCfg = Release|Any CPU
		{2B5420C0-FDCE-42CF-88FE-185C4929F9A9}.Release|Any CPU.Build.0 = Release|Any CPU
		{19B34A6C-C291-47F3-AE3B-937959263432}.Debug|Any CPU.ActiveCfg = Debug|Any CPU
		{19B34A6C-C291-47F3-AE3B-937959263432}.Debug|Any CPU.Build.0 = Debug|Any CPU
		{19B34A6C-C291-47F3-AE3B-937959263432}.Release|Any CPU.ActiveCfg = Release|Any CPU
		{19B34A6C-C291-47F3-AE3B-937959263432}.Release|Any CPU.Build.0 = Release|Any CPU
		{27C59E4C-13CE-45EE-9DF8-F5018EE970AA}.Debug|Any CPU.ActiveCfg = Debug|Any CPU
		{27C59E4C-13CE-45EE-9DF8-F5018EE970AA}.Debug|Any CPU.Build.0 = Debug|Any CPU
		{27C59E4C-13CE-45EE-9DF8-F5018EE970AA}.Release|Any CPU.ActiveCfg = Release|Any CPU
		{27C59E4C-13CE-45EE-9DF8-F5018EE970AA}.Release|Any CPU.Build.0 = Release|Any CPU
		{47D77268-5F1D-4FCD-8527-60A338986714}.Debug|Any CPU.ActiveCfg = Debug|Any CPU
		{47D77268-5F1D-4FCD-8527-60A338986714}.Debug|Any CPU.Build.0 = Debug|Any CPU
		{47D77268-5F1D-4FCD-8527-60A338986714}.Release|Any CPU.ActiveCfg = Release|Any CPU
		{47D77268-5F1D-4FCD-8527-60A338986714}.Release|Any CPU.Build.0 = Release|Any CPU
		{1D2C8954-8DEB-43B3-BE80-4D6CEA1E51AB}.Debug|Any CPU.ActiveCfg = Debug|Any CPU
		{1D2C8954-8DEB-43B3-BE80-4D6CEA1E51AB}.Debug|Any CPU.Build.0 = Debug|Any CPU
		{1D2C8954-8DEB-43B3-BE80-4D6CEA1E51AB}.Release|Any CPU.ActiveCfg = Release|Any CPU
		{1D2C8954-8DEB-43B3-BE80-4D6CEA1E51AB}.Release|Any CPU.Build.0 = Release|Any CPU
		{33445E74-50F8-4983-A885-D0B92C6C09C8}.Debug|Any CPU.ActiveCfg = Debug|Any CPU
		{33445E74-50F8-4983-A885-D0B92C6C09C8}.Debug|Any CPU.Build.0 = Debug|Any CPU
		{33445E74-50F8-4983-A885-D0B92C6C09C8}.Release|Any CPU.ActiveCfg = Release|Any CPU
		{33445E74-50F8-4983-A885-D0B92C6C09C8}.Release|Any CPU.Build.0 = Release|Any CPU
		{49FCAF1F-E159-4A03-9C59-F965D76AE0E9}.Debug|Any CPU.ActiveCfg = Debug|Any CPU
		{49FCAF1F-E159-4A03-9C59-F965D76AE0E9}.Debug|Any CPU.Build.0 = Debug|Any CPU
		{49FCAF1F-E159-4A03-9C59-F965D76AE0E9}.Release|Any CPU.ActiveCfg = Release|Any CPU
		{49FCAF1F-E159-4A03-9C59-F965D76AE0E9}.Release|Any CPU.Build.0 = Release|Any CPU
		{1C4826FA-CF02-4F60-A410-3447442729F7}.Debug|Any CPU.ActiveCfg = Debug|Any CPU
		{1C4826FA-CF02-4F60-A410-3447442729F7}.Debug|Any CPU.Build.0 = Debug|Any CPU
		{1C4826FA-CF02-4F60-A410-3447442729F7}.Release|Any CPU.ActiveCfg = Release|Any CPU
		{1C4826FA-CF02-4F60-A410-3447442729F7}.Release|Any CPU.Build.0 = Release|Any CPU
		{F04C2D77-7D62-488E-9490-8F3476A9C049}.Debug|Any CPU.ActiveCfg = Debug|Any CPU
		{F04C2D77-7D62-488E-9490-8F3476A9C049}.Debug|Any CPU.Build.0 = Debug|Any CPU
		{F04C2D77-7D62-488E-9490-8F3476A9C049}.Release|Any CPU.ActiveCfg = Release|Any CPU
		{F04C2D77-7D62-488E-9490-8F3476A9C049}.Release|Any CPU.Build.0 = Release|Any CPU
	EndGlobalSection
	GlobalSection(SolutionProperties) = preSolution
		HideSolutionNode = FALSE
	EndGlobalSection
	GlobalSection(ExtensibilityGlobals) = postSolution
		SolutionGuid = {5CF0AE9C-9134-4A5B-BEE1-304744F10618}
	EndGlobalSection
EndGlobal
